
Microsoft Visual Studio Solution File, Format Version 12.00
# Visual Studio Version 16
VisualStudioVersion = 16.0.29424.173
MinimumVisualStudioVersion = 10.0.40219.1
Project("{FAE04EC0-301F-11D3-BF4B-00C04F79EFBC}") = "ProductivityUWPApp", "ProductivityUWPApp\ProductivityUWPApp.csproj", "{5EA9648D-390D-446F-8D3E-C97B540ECCEF}"
EndProject
Project("{9A19103F-16F7-4668-BE54-9A1E7A4F7556}") = "ProductivityUWPApp.Core", "ProductivityUWPApp.Core\ProductivityUWPApp.Core.csproj", "{A430B738-0666-4ABB-B09E-E4DDCF7D98E3}"
EndProject
Global
	GlobalSection(SolutionConfigurationPlatforms) = preSolution
		Debug|Any CPU = Debug|Any CPU
		Debug|ARM = Debug|ARM
		Debug|x64 = Debug|x64
		Debug|x86 = Debug|x86
		Release|Any CPU = Release|Any CPU
		Release|ARM = Release|ARM
		Release|x64 = Release|x64
		Release|x86 = Release|x86
	EndGlobalSection
	GlobalSection(ProjectConfigurationPlatforms) = postSolution
		{5EA9648D-390D-446F-8D3E-C97B540ECCEF}.Debug|Any CPU.ActiveCfg = Debug|x86
		{5EA9648D-390D-446F-8D3E-C97B540ECCEF}.Debug|ARM.ActiveCfg = Debug|ARM
		{5EA9648D-390D-446F-8D3E-C97B540ECCEF}.Debug|ARM.Build.0 = Debug|ARM
		{5EA9648D-390D-446F-8D3E-C97B540ECCEF}.Debug|ARM.Deploy.0 = Debug|ARM
		{5EA9648D-390D-446F-8D3E-C97B540ECCEF}.Debug|x64.ActiveCfg = Debug|x64
		{5EA9648D-390D-446F-8D3E-C97B540ECCEF}.Debug|x64.Build.0 = Debug|x64
		{5EA9648D-390D-446F-8D3E-C97B540ECCEF}.Debug|x64.Deploy.0 = Debug|x64
		{5EA9648D-390D-446F-8D3E-C97B540ECCEF}.Debug|x86.ActiveCfg = Debug|x86
		{5EA9648D-390D-446F-8D3E-C97B540ECCEF}.Debug|x86.Build.0 = Debug|x86
		{5EA9648D-390D-446F-8D3E-C97B540ECCEF}.Debug|x86.Deploy.0 = Debug|x86
		{5EA9648D-390D-446F-8D3E-C97B540ECCEF}.Release|Any CPU.ActiveCfg = Release|x86
		{5EA9648D-390D-446F-8D3E-C97B540ECCEF}.Release|ARM.ActiveCfg = Release|ARM
		{5EA9648D-390D-446F-8D3E-C97B540ECCEF}.Release|ARM.Build.0 = Release|ARM
		{5EA9648D-390D-446F-8D3E-C97B540ECCEF}.Release|ARM.Deploy.0 = Release|ARM
		{5EA9648D-390D-446F-8D3E-C97B540ECCEF}.Release|x64.ActiveCfg = Release|x64
		{5EA9648D-390D-446F-8D3E-C97B540ECCEF}.Release|x64.Build.0 = Release|x64
		{5EA9648D-390D-446F-8D3E-C97B540ECCEF}.Release|x64.Deploy.0 = Release|x64
		{5EA9648D-390D-446F-8D3E-C97B540ECCEF}.Release|x86.ActiveCfg = Release|x86
		{5EA9648D-390D-446F-8D3E-C97B540ECCEF}.Release|x86.Build.0 = Release|x86
		{5EA9648D-390D-446F-8D3E-C97B540ECCEF}.Release|x86.Deploy.0 = Release|x86
		{A430B738-0666-4ABB-B09E-E4DDCF7D98E3}.Debug|Any CPU.ActiveCfg = Debug|Any CPU
		{A430B738-0666-4ABB-B09E-E4DDCF7D98E3}.Debug|Any CPU.Build.0 = Debug|Any CPU
		{A430B738-0666-4ABB-B09E-E4DDCF7D98E3}.Debug|ARM.ActiveCfg = Debug|Any CPU
		{A430B738-0666-4ABB-B09E-E4DDCF7D98E3}.Debug|ARM.Build.0 = Debug|Any CPU
		{A430B738-0666-4ABB-B09E-E4DDCF7D98E3}.Debug|x64.ActiveCfg = Debug|Any CPU
		{A430B738-0666-4ABB-B09E-E4DDCF7D98E3}.Debug|x64.Build.0 = Debug|Any CPU
		{A430B738-0666-4ABB-B09E-E4DDCF7D98E3}.Debug|x86.ActiveCfg = Debug|Any CPU
		{A430B738-0666-4ABB-B09E-E4DDCF7D98E3}.Debug|x86.Build.0 = Debug|Any CPU
		{A430B738-0666-4ABB-B09E-E4DDCF7D98E3}.Release|Any CPU.ActiveCfg = Release|Any CPU
		{A430B738-0666-4ABB-B09E-E4DDCF7D98E3}.Release|Any CPU.Build.0 = Release|Any CPU
		{A430B738-0666-4ABB-B09E-E4DDCF7D98E3}.Release|ARM.ActiveCfg = Release|Any CPU
		{A430B738-0666-4ABB-B09E-E4DDCF7D98E3}.Release|ARM.Build.0 = Release|Any CPU
		{A430B738-0666-4ABB-B09E-E4DDCF7D98E3}.Release|x64.ActiveCfg = Release|Any CPU
		{A430B738-0666-4ABB-B09E-E4DDCF7D98E3}.Release|x64.Build.0 = Release|Any CPU
		{A430B738-0666-4ABB-B09E-E4DDCF7D98E3}.Release|x86.ActiveCfg = Release|Any CPU
		{A430B738-0666-4ABB-B09E-E4DDCF7D98E3}.Release|x86.Build.0 = Release|Any CPU
	EndGlobalSection
	GlobalSection(SolutionProperties) = preSolution
		HideSolutionNode = FALSE
	EndGlobalSection
	GlobalSection(ExtensibilityGlobals) = postSolution
		SolutionGuid = {317DF0B0-9CA6-42AF-B2DB-1A2CE5259577}
	EndGlobalSection
EndGlobal
